
Microsoft Visual Studio Solution File, Format Version 12.00
# Visual Studio Version 17
VisualStudioVersion = 17.0.31903.59
MinimumVisualStudioVersion = 10.0.40219.1
Project("{FAE04EC0-301F-11D3-BF4B-00C04F79EFBC}") = "ConsoleAppMyMemoryCache", "ConsoleAppMyMemoryCache\ConsoleAppMyMemoryCache.csproj", "{7D6DFD72-F114-4BA5-9AD9-75EF166CDD38}"
EndProject
Project("{FAE04EC0-301F-11D3-BF4B-00C04F79EFBC}") = "ParallelGet", "ParallelGet\ParallelGet.csproj", "{CE14BF93-A935-4A7A-B6BF-37A8919A1220}"
EndProject
Project("{FAE04EC0-301F-11D3-BF4B-00C04F79EFBC}") = "StampedeProtection", "StampedeProtection\StampedeProtection.csproj", "{34E5E3B1-216F-43C3-8D0E-F4F40E7BDC7F}"
EndProject
Project("{FAE04EC0-301F-11D3-BF4B-00C04F79EFBC}") = "Microcaching", "Microcaching\Microcaching.csproj", "{B02D04A7-3E7C-4F92-8487-F837F2C308AA}"
EndProject
Global
	GlobalSection(SolutionConfigurationPlatforms) = preSolution
		Debug|Any CPU = Debug|Any CPU
		Release|Any CPU = Release|Any CPU
	EndGlobalSection
	GlobalSection(SolutionProperties) = preSolution
		HideSolutionNode = FALSE
	EndGlobalSection
	GlobalSection(ProjectConfigurationPlatforms) = postSolution
		{7D6DFD72-F114-4BA5-9AD9-75EF166CDD38}.Debug|Any CPU.ActiveCfg = Debug|Any CPU
		{7D6DFD72-F114-4BA5-9AD9-75EF166CDD38}.Debug|Any CPU.Build.0 = Debug|Any CPU
		{7D6DFD72-F114-4BA5-9AD9-75EF166CDD38}.Release|Any CPU.ActiveCfg = Release|Any CPU
		{7D6DFD72-F114-4BA5-9AD9-75EF166CDD38}.Release|Any CPU.Build.0 = Release|Any CPU
		{CE14BF93-A935-4A7A-B6BF-37A8919A1220}.Debug|Any CPU.ActiveCfg = Debug|Any CPU
		{CE14BF93-A935-4A7A-B6BF-37A8919A1220}.Debug|Any CPU.Build.0 = Debug|Any CPU
		{CE14BF93-A935-4A7A-B6BF-37A8919A1220}.Release|Any CPU.ActiveCfg = Release|Any CPU
		{CE14BF93-A935-4A7A-B6BF-37A8919A1220}.Release|Any CPU.Build.0 = Release|Any CPU
		{34E5E3B1-216F-43C3-8D0E-F4F40E7BDC7F}.Debug|Any CPU.ActiveCfg = Debug|Any CPU
		{34E5E3B1-216F-43C3-8D0E-F4F40E7BDC7F}.Debug|Any CPU.Build.0 = Debug|Any CPU
		{34E5E3B1-216F-43C3-8D0E-F4F40E7BDC7F}.Release|Any CPU.ActiveCfg = Release|Any CPU
		{34E5E3B1-216F-43C3-8D0E-F4F40E7BDC7F}.Release|Any CPU.Build.0 = Release|Any CPU
		{B02D04A7-3E7C-4F92-8487-F837F2C308AA}.Debug|Any CPU.ActiveCfg = Debug|Any CPU
		{B02D04A7-3E7C-4F92-8487-F837F2C308AA}.Debug|Any CPU.Build.0 = Debug|Any CPU
		{B02D04A7-3E7C-4F92-8487-F837F2C308AA}.Release|Any CPU.ActiveCfg = Release|Any CPU
		{B02D04A7-3E7C-4F92-8487-F837F2C308AA}.Release|Any CPU.Build.0 = Release|Any CPU
	EndGlobalSection
EndGlobal
