
Microsoft Visual Studio Solution File, Format Version 12.00
# Visual Studio Version 17
VisualStudioVersion = 17.0.31903.59
MinimumVisualStudioVersion = 10.0.40219.1
Project("{FAE04EC0-301F-11D3-BF4B-00C04F79EFBC}") = "AdvancedLoggingFeatures", "AdvancedLoggingFeatures\AdvancedLoggingFeatures.csproj", "{D882BA20-68FB-4576-A10A-4BFBD6A671FE}"
EndProject
Project("{FAE04EC0-301F-11D3-BF4B-00C04F79EFBC}") = "Serilog.Basic", "Serilog.Basic\Serilog.Basic.csproj", "{A3916776-399A-424D-A78A-1E6718DA765D}"
EndProject
Global
	GlobalSection(SolutionConfigurationPlatforms) = preSolution
		Debug|Any CPU = Debug|Any CPU
		Release|Any CPU = Release|Any CPU
	EndGlobalSection
	GlobalSection(SolutionProperties) = preSolution
		HideSolutionNode = FALSE
	EndGlobalSection
	GlobalSection(ProjectConfigurationPlatforms) = postSolution
		{D882BA20-68FB-4576-A10A-4BFBD6A671FE}.Debug|Any CPU.ActiveCfg = Debug|Any CPU
		{D882BA20-68FB-4576-A10A-4BFBD6A671FE}.Debug|Any CPU.Build.0 = Debug|Any CPU
		{D882BA20-68FB-4576-A10A-4BFBD6A671FE}.Release|Any CPU.ActiveCfg = Release|Any CPU
		{D882BA20-68FB-4576-A10A-4BFBD6A671FE}.Release|Any CPU.Build.0 = Release|Any CPU
		{A3916776-399A-424D-A78A-1E6718DA765D}.Debug|Any CPU.ActiveCfg = Debug|Any CPU
		{A3916776-399A-424D-A78A-1E6718DA765D}.Debug|Any CPU.Build.0 = Debug|Any CPU
		{A3916776-399A-424D-A78A-1E6718DA765D}.Release|Any CPU.ActiveCfg = Release|Any CPU
		{A3916776-399A-424D-A78A-1E6718DA765D}.Release|Any CPU.Build.0 = Release|Any CPU
	EndGlobalSection
EndGlobal
