
Microsoft Visual Studio Solution File, Format Version 12.00
# Visual Studio Version 17
VisualStudioVersion = 17.0.31903.59
MinimumVisualStudioVersion = 10.0.40219.1
Project("{FAE04EC0-301F-11D3-BF4B-00C04F79EFBC}") = "AdvancedLoggingFeatures", "AdvancedLoggingFeatures\AdvancedLoggingFeatures.csproj", "{D882BA20-68FB-4576-A10A-4BFBD6A671FE}"
EndProject
Project("{FAE04EC0-301F-11D3-BF4B-00C04F79EFBC}") = "Serilog.Basic", "Serilog.Basic\Serilog.Basic.csproj", "{A3916776-399A-424D-A78A-1E6718DA765D}"
EndProject
Project("{FAE04EC0-301F-11D3-BF4B-00C04F79EFBC}") = "Serilog.FromConfigFile", "Serilog.FromConfigFile\Serilog.FromConfigFile.csproj", "{FCA95B32-E977-4C79-90FE-628AB62942C7}"
EndProject
Project("{FAE04EC0-301F-11D3-BF4B-00C04F79EFBC}") = "Logging.HighPerformance", "Logging.HighPerformance\Logging.HighPerformance.csproj", "{9E42A2F1-FE48-4F44-B774-8DF8F1726C6F}"
EndProject
Global
	GlobalSection(SolutionConfigurationPlatforms) = preSolution
		Debug|Any CPU = Debug|Any CPU
		Release|Any CPU = Release|Any CPU
	EndGlobalSection
	GlobalSection(SolutionProperties) = preSolution
		HideSolutionNode = FALSE
	EndGlobalSection
	GlobalSection(ProjectConfigurationPlatforms) = postSolution
		{D882BA20-68FB-4576-A10A-4BFBD6A671FE}.Debug|Any CPU.ActiveCfg = Debug|Any CPU
		{D882BA20-68FB-4576-A10A-4BFBD6A671FE}.Debug|Any CPU.Build.0 = Debug|Any CPU
		{D882BA20-68FB-4576-A10A-4BFBD6A671FE}.Release|Any CPU.ActiveCfg = Release|Any CPU
		{D882BA20-68FB-4576-A10A-4BFBD6A671FE}.Release|Any CPU.Build.0 = Release|Any CPU
		{A3916776-399A-424D-A78A-1E6718DA765D}.Debug|Any CPU.ActiveCfg = Debug|Any CPU
		{A3916776-399A-424D-A78A-1E6718DA765D}.Debug|Any CPU.Build.0 = Debug|Any CPU
		{A3916776-399A-424D-A78A-1E6718DA765D}.Release|Any CPU.ActiveCfg = Release|Any CPU
		{A3916776-399A-424D-A78A-1E6718DA765D}.Release|Any CPU.Build.0 = Release|Any CPU
		{FCA95B32-E977-4C79-90FE-628AB62942C7}.Debug|Any CPU.ActiveCfg = Debug|Any CPU
		{FCA95B32-E977-4C79-90FE-628AB62942C7}.Debug|Any CPU.Build.0 = Debug|Any CPU
		{FCA95B32-E977-4C79-90FE-628AB62942C7}.Release|Any CPU.ActiveCfg = Release|Any CPU
		{FCA95B32-E977-4C79-90FE-628AB62942C7}.Release|Any CPU.Build.0 = Release|Any CPU
		{9E42A2F1-FE48-4F44-B774-8DF8F1726C6F}.Debug|Any CPU.ActiveCfg = Debug|Any CPU
		{9E42A2F1-FE48-4F44-B774-8DF8F1726C6F}.Debug|Any CPU.Build.0 = Debug|Any CPU
		{9E42A2F1-FE48-4F44-B774-8DF8F1726C6F}.Release|Any CPU.ActiveCfg = Release|Any CPU
		{9E42A2F1-FE48-4F44-B774-8DF8F1726C6F}.Release|Any CPU.Build.0 = Release|Any CPU
	EndGlobalSection
EndGlobal
