<Solution>
  <Project Path="Channels/Channels.csproj" />
  <Project Path="Deadlocks/Deadlocks.csproj" />
  <Project Path="IntroToRaceConditions/IntroToRaceConditions.csproj" />
  <Project Path="ParallelFor/ParallelFor.csproj" />
  <Project Path="ParallelInvoke/ParallelInvoke.csproj" />
  <Project Path="TaskWhenAll/TaskWhenAll.csproj" />
  <Project Path="TaskWhenAny/TaskWhenAny.csproj" />
  <Project Path="TaskWhenEach/TaskWhenEach.csproj" />
</Solution>
