
Microsoft Visual Studio Solution File, Format Version 12.00
# Visual Studio Version 17
VisualStudioVersion = 17.0.31903.59
MinimumVisualStudioVersion = 10.0.40219.1
Project("{FAE04EC0-301F-11D3-BF4B-00C04F79EFBC}") = "FindingTypes", "FindingTypes\FindingTypes.csproj", "{E67B5831-C6D9-4F21-9DF7-C1A298A86127}"
EndProject
Project("{FAE04EC0-301F-11D3-BF4B-00C04F79EFBC}") = "MemberInformation", "MemberInformation\MemberInformation.csproj", "{37CB0F13-E727-4E29-93D3-214E48397774}"
EndProject
Project("{FAE04EC0-301F-11D3-BF4B-00C04F79EFBC}") = "MemberInformation.GetAndSet", "MemberInformation.GetAndSet\MemberInformation.GetAndSet.csproj", "{6D2D300F-531C-48C7-AB1A-5ED4BB970068}"
EndProject
Global
	GlobalSection(SolutionConfigurationPlatforms) = preSolution
		Debug|Any CPU = Debug|Any CPU
		Release|Any CPU = Release|Any CPU
	EndGlobalSection
	GlobalSection(SolutionProperties) = preSolution
		HideSolutionNode = FALSE
	EndGlobalSection
	GlobalSection(ProjectConfigurationPlatforms) = postSolution
		{E67B5831-C6D9-4F21-9DF7-C1A298A86127}.Debug|Any CPU.ActiveCfg = Debug|Any CPU
		{E67B5831-C6D9-4F21-9DF7-C1A298A86127}.Debug|Any CPU.Build.0 = Debug|Any CPU
		{E67B5831-C6D9-4F21-9DF7-C1A298A86127}.Release|Any CPU.ActiveCfg = Release|Any CPU
		{E67B5831-C6D9-4F21-9DF7-C1A298A86127}.Release|Any CPU.Build.0 = Release|Any CPU
		{37CB0F13-E727-4E29-93D3-214E48397774}.Debug|Any CPU.ActiveCfg = Debug|Any CPU
		{37CB0F13-E727-4E29-93D3-214E48397774}.Debug|Any CPU.Build.0 = Debug|Any CPU
		{37CB0F13-E727-4E29-93D3-214E48397774}.Release|Any CPU.ActiveCfg = Release|Any CPU
		{37CB0F13-E727-4E29-93D3-214E48397774}.Release|Any CPU.Build.0 = Release|Any CPU
		{6D2D300F-531C-48C7-AB1A-5ED4BB970068}.Debug|Any CPU.ActiveCfg = Debug|Any CPU
		{6D2D300F-531C-48C7-AB1A-5ED4BB970068}.Debug|Any CPU.Build.0 = Debug|Any CPU
		{6D2D300F-531C-48C7-AB1A-5ED4BB970068}.Release|Any CPU.ActiveCfg = Release|Any CPU
		{6D2D300F-531C-48C7-AB1A-5ED4BB970068}.Release|Any CPU.Build.0 = Release|Any CPU
	EndGlobalSection
EndGlobal
